
Microsoft Visual Studio Solution File, Format Version 12.00
# Visual Studio Version 17
VisualStudioVersion = 17.7.34202.233
MinimumVisualStudioVersion = 10.0.40219.1
Project("{FAE04EC0-301F-11D3-BF4B-00C04F79EFBC}") = "HashTableOA", "HashTableOA\HashTableOA.csproj", "{69CA4236-5456-4C08-BEC8-3DA3D4BD7E73}"
EndProject
Global
	GlobalSection(SolutionConfigurationPlatforms) = preSolution
		Debug|Any CPU = Debug|Any CPU
		Release|Any CPU = Release|Any CPU
	EndGlobalSection
	GlobalSection(ProjectConfigurationPlatforms) = postSolution
		{69CA4236-5456-4C08-BEC8-3DA3D4BD7E73}.Debug|Any CPU.ActiveCfg = Debug|Any CPU
		{69CA4236-5456-4C08-BEC8-3DA3D4BD7E73}.Debug|Any CPU.Build.0 = Debug|Any CPU
		{69CA4236-5456-4C08-BEC8-3DA3D4BD7E73}.Release|Any CPU.ActiveCfg = Release|Any CPU
		{69CA4236-5456-4C08-BEC8-3DA3D4BD7E73}.Release|Any CPU.Build.0 = Release|Any CPU
	EndGlobalSection
	GlobalSection(SolutionProperties) = preSolution
		HideSolutionNode = FALSE
	EndGlobalSection
	GlobalSection(ExtensibilityGlobals) = postSolution
		SolutionGuid = {1FCED915-E5B3-4E91-B747-8974C4F0CB93}
	EndGlobalSection
EndGlobal
